
Microsoft Visual Studio Solution File, Format Version 12.00
# Visual Studio 15
VisualStudioVersion = 15.0.25807.0
MinimumVisualStudioVersion = 10.0.40219.1
Project("{2150E333-8FDC-42A3-9474-1A3956D46DE8}") = "Engine", "Engine", "{53DB9A15-197E-4768-8879-BDA782DDED69}"
EndProject
Project("{2150E333-8FDC-42A3-9474-1A3956D46DE8}") = "Games", "Games", "{A64C06B6-BB29-4472-88C0-91E64396D606}"
EndProject
Project("{8BC9CEB8-8B4A-11D0-8D11-00A0C91BC942}") = "UE4", "Intermediate\ProjectFiles\UE4.vcxproj", "{754E3025-3C2C-44BF-902A-EE802F5BE6DE}"
EndProject
Project("{8BC9CEB8-8B4A-11D0-8D11-00A0C91BC942}") = "SurvivalGame", "Intermediate\ProjectFiles\SurvivalGame.vcxproj", "{BA9F5CC1-9594-45C9-BEA6-E6EAABB43DA1}"
EndProject
Project("{2150E333-8FDC-42A3-9474-1A3956D46DE8}") = "Visualizers", "Visualizers", "{0D9511A6-BA7A-458D-A0DF-B2DBB7EBA6F8}"
	ProjectSection(SolutionItems) = preProject
		..\..\..\..\..\..\..\Program Files\Epic Games\UE_4.23\Engine\Extras\VisualStudioDebugging\UE4.natvis = ..\..\..\..\..\..\..\Program Files\Epic Games\UE_4.23\Engine\Extras\VisualStudioDebugging\UE4.natvis
	EndProjectSection
EndProject
Global
	GlobalSection(SolutionConfigurationPlatforms) = preSolution
		DebugGame Editor|HTML5 = DebugGame Editor|HTML5
		DebugGame Editor|IOS = DebugGame Editor|IOS
		DebugGame Editor|Win32 = DebugGame Editor|Win32
		DebugGame Editor|Win64 = DebugGame Editor|Win64
		DebugGame|HTML5 = DebugGame|HTML5
		DebugGame|IOS = DebugGame|IOS
		DebugGame|Win32 = DebugGame|Win32
		DebugGame|Win64 = DebugGame|Win64
		Development Editor|HTML5 = Development Editor|HTML5
		Development Editor|IOS = Development Editor|IOS
		Development Editor|Win32 = Development Editor|Win32
		Development Editor|Win64 = Development Editor|Win64
		Development|HTML5 = Development|HTML5
		Development|IOS = Development|IOS
		Development|Win32 = Development|Win32
		Development|Win64 = Development|Win64
		Shipping|HTML5 = Shipping|HTML5
		Shipping|IOS = Shipping|IOS
		Shipping|Win32 = Shipping|Win32
		Shipping|Win64 = Shipping|Win64
	EndGlobalSection
	GlobalSection(ProjectConfigurationPlatforms) = postSolution
		{754E3025-3C2C-44BF-902A-EE802F5BE6DE}.DebugGame Editor|HTML5.ActiveCfg = BuiltWithUnrealBuildTool|Win32
		{754E3025-3C2C-44BF-902A-EE802F5BE6DE}.DebugGame Editor|IOS.ActiveCfg = BuiltWithUnrealBuildTool|Win32
		{754E3025-3C2C-44BF-902A-EE802F5BE6DE}.DebugGame Editor|Win32.ActiveCfg = BuiltWithUnrealBuildTool|Win32
		{754E3025-3C2C-44BF-902A-EE802F5BE6DE}.DebugGame Editor|Win64.ActiveCfg = BuiltWithUnrealBuildTool|Win32
		{754E3025-3C2C-44BF-902A-EE802F5BE6DE}.DebugGame|HTML5.ActiveCfg = BuiltWithUnrealBuildTool|Win32
		{754E3025-3C2C-44BF-902A-EE802F5BE6DE}.DebugGame|IOS.ActiveCfg = BuiltWithUnrealBuildTool|Win32
		{754E3025-3C2C-44BF-902A-EE802F5BE6DE}.DebugGame|Win32.ActiveCfg = BuiltWithUnrealBuildTool|Win32
		{754E3025-3C2C-44BF-902A-EE802F5BE6DE}.DebugGame|Win64.ActiveCfg = BuiltWithUnrealBuildTool|Win32
		{754E3025-3C2C-44BF-902A-EE802F5BE6DE}.Development Editor|HTML5.ActiveCfg = BuiltWithUnrealBuildTool|Win32
		{754E3025-3C2C-44BF-902A-EE802F5BE6DE}.Development Editor|IOS.ActiveCfg = BuiltWithUnrealBuildTool|Win32
		{754E3025-3C2C-44BF-902A-EE802F5BE6DE}.Development Editor|Win32.ActiveCfg = BuiltWithUnrealBuildTool|Win32
		{754E3025-3C2C-44BF-902A-EE802F5BE6DE}.Development Editor|Win64.ActiveCfg = BuiltWithUnrealBuildTool|Win32
		{754E3025-3C2C-44BF-902A-EE802F5BE6DE}.Development|HTML5.ActiveCfg = BuiltWithUnrealBuildTool|Win32
		{754E3025-3C2C-44BF-902A-EE802F5BE6DE}.Development|IOS.ActiveCfg = BuiltWithUnrealBuildTool|Win32
		{754E3025-3C2C-44BF-902A-EE802F5BE6DE}.Development|Win32.ActiveCfg = BuiltWithUnrealBuildTool|Win32
		{754E3025-3C2C-44BF-902A-EE802F5BE6DE}.Development|Win64.ActiveCfg = BuiltWithUnrealBuildTool|Win32
		{754E3025-3C2C-44BF-902A-EE802F5BE6DE}.Shipping|HTML5.ActiveCfg = BuiltWithUnrealBuildTool|Win32
		{754E3025-3C2C-44BF-902A-EE802F5BE6DE}.Shipping|IOS.ActiveCfg = BuiltWithUnrealBuildTool|Win32
		{754E3025-3C2C-44BF-902A-EE802F5BE6DE}.Shipping|Win32.ActiveCfg = BuiltWithUnrealBuildTool|Win32
		{754E3025-3C2C-44BF-902A-EE802F5BE6DE}.Shipping|Win64.ActiveCfg = BuiltWithUnrealBuildTool|Win32
		{BA9F5CC1-9594-45C9-BEA6-E6EAABB43DA1}.DebugGame Editor|HTML5.ActiveCfg = Invalid|Win32
		{BA9F5CC1-9594-45C9-BEA6-E6EAABB43DA1}.DebugGame Editor|IOS.ActiveCfg = Invalid|Win32
		{BA9F5CC1-9594-45C9-BEA6-E6EAABB43DA1}.DebugGame Editor|Win32.ActiveCfg = Invalid|Win32
		{BA9F5CC1-9594-45C9-BEA6-E6EAABB43DA1}.DebugGame Editor|Win64.ActiveCfg = DebugGame_Editor|x64
		{BA9F5CC1-9594-45C9-BEA6-E6EAABB43DA1}.DebugGame Editor|Win64.Build.0 = DebugGame_Editor|x64
		{BA9F5CC1-9594-45C9-BEA6-E6EAABB43DA1}.DebugGame|HTML5.ActiveCfg = HTML5_DebugGame|Win32
		{BA9F5CC1-9594-45C9-BEA6-E6EAABB43DA1}.DebugGame|HTML5.Build.0 = HTML5_DebugGame|Win32
		{BA9F5CC1-9594-45C9-BEA6-E6EAABB43DA1}.DebugGame|IOS.ActiveCfg = IOS_DebugGame|Win32
		{BA9F5CC1-9594-45C9-BEA6-E6EAABB43DA1}.DebugGame|IOS.Build.0 = IOS_DebugGame|Win32
		{BA9F5CC1-9594-45C9-BEA6-E6EAABB43DA1}.DebugGame|Win32.ActiveCfg = DebugGame|Win32
		{BA9F5CC1-9594-45C9-BEA6-E6EAABB43DA1}.DebugGame|Win32.Build.0 = DebugGame|Win32
		{BA9F5CC1-9594-45C9-BEA6-E6EAABB43DA1}.DebugGame|Win64.ActiveCfg = DebugGame|x64
		{BA9F5CC1-9594-45C9-BEA6-E6EAABB43DA1}.DebugGame|Win64.Build.0 = DebugGame|x64
		{BA9F5CC1-9594-45C9-BEA6-E6EAABB43DA1}.Development Editor|HTML5.ActiveCfg = Invalid|Win32
		{BA9F5CC1-9594-45C9-BEA6-E6EAABB43DA1}.Development Editor|IOS.ActiveCfg = Invalid|Win32
		{BA9F5CC1-9594-45C9-BEA6-E6EAABB43DA1}.Development Editor|Win32.ActiveCfg = Invalid|Win32
		{BA9F5CC1-9594-45C9-BEA6-E6EAABB43DA1}.Development Editor|Win64.ActiveCfg = Development_Editor|x64
		{BA9F5CC1-9594-45C9-BEA6-E6EAABB43DA1}.Development Editor|Win64.Build.0 = Development_Editor|x64
		{BA9F5CC1-9594-45C9-BEA6-E6EAABB43DA1}.Development|HTML5.ActiveCfg = HTML5_Development|Win32
		{BA9F5CC1-9594-45C9-BEA6-E6EAABB43DA1}.Development|HTML5.Build.0 = HTML5_Development|Win32
		{BA9F5CC1-9594-45C9-BEA6-E6EAABB43DA1}.Development|IOS.ActiveCfg = IOS_Development|Win32
		{BA9F5CC1-9594-45C9-BEA6-E6EAABB43DA1}.Development|IOS.Build.0 = IOS_Development|Win32
		{BA9F5CC1-9594-45C9-BEA6-E6EAABB43DA1}.Development|Win32.ActiveCfg = Development|Win32
		{BA9F5CC1-9594-45C9-BEA6-E6EAABB43DA1}.Development|Win32.Build.0 = Development|Win32
		{BA9F5CC1-9594-45C9-BEA6-E6EAABB43DA1}.Development|Win64.ActiveCfg = Development|x64
		{BA9F5CC1-9594-45C9-BEA6-E6EAABB43DA1}.Development|Win64.Build.0 = Development|x64
		{BA9F5CC1-9594-45C9-BEA6-E6EAABB43DA1}.Shipping|HTML5.ActiveCfg = HTML5_Shipping|Win32
		{BA9F5CC1-9594-45C9-BEA6-E6EAABB43DA1}.Shipping|HTML5.Build.0 = HTML5_Shipping|Win32
		{BA9F5CC1-9594-45C9-BEA6-E6EAABB43DA1}.Shipping|IOS.ActiveCfg = IOS_Shipping|Win32
		{BA9F5CC1-9594-45C9-BEA6-E6EAABB43DA1}.Shipping|IOS.Build.0 = IOS_Shipping|Win32
		{BA9F5CC1-9594-45C9-BEA6-E6EAABB43DA1}.Shipping|Win32.ActiveCfg = Shipping|Win32
		{BA9F5CC1-9594-45C9-BEA6-E6EAABB43DA1}.Shipping|Win32.Build.0 = Shipping|Win32
		{BA9F5CC1-9594-45C9-BEA6-E6EAABB43DA1}.Shipping|Win64.ActiveCfg = Shipping|x64
		{BA9F5CC1-9594-45C9-BEA6-E6EAABB43DA1}.Shipping|Win64.Build.0 = Shipping|x64
	EndGlobalSection
	GlobalSection(SolutionProperties) = preSolution
		HideSolutionNode = FALSE
	EndGlobalSection
	GlobalSection(NestedProjects) = preSolution
		{754E3025-3C2C-44BF-902A-EE802F5BE6DE} = {53DB9A15-197E-4768-8879-BDA782DDED69}
		{BA9F5CC1-9594-45C9-BEA6-E6EAABB43DA1} = {A64C06B6-BB29-4472-88C0-91E64396D606}
	EndGlobalSection
EndGlobal
